
Microsoft Visual Studio Solution File, Format Version 12.00
# Visual Studio Version 16
VisualStudioVersion = 16.0.31129.286
MinimumVisualStudioVersion = 10.0.40219.1
Project("{FAE04EC0-301F-11D3-BF4B-00C04F79EFBC}") = "RimEffectAsari", "RimEffectAsari.csproj", "{BF2A916A-66F5-4853-B5F9-847E784E33E0}"
EndProject
Global
	GlobalSection(SolutionConfigurationPlatforms) = preSolution
		Debug|Any CPU = Debug|Any CPU
		Release|Any CPU = Release|Any CPU
	EndGlobalSection
	GlobalSection(ProjectConfigurationPlatforms) = postSolution
		{BF2A916A-66F5-4853-B5F9-847E784E33E0}.Debug|Any CPU.ActiveCfg = Debug|Any CPU
		{BF2A916A-66F5-4853-B5F9-847E784E33E0}.Debug|Any CPU.Build.0 = Debug|Any CPU
		{BF2A916A-66F5-4853-B5F9-847E784E33E0}.Release|Any CPU.ActiveCfg = Release|Any CPU
		{BF2A916A-66F5-4853-B5F9-847E784E33E0}.Release|Any CPU.Build.0 = Release|Any CPU
	EndGlobalSection
	GlobalSection(SolutionProperties) = preSolution
		HideSolutionNode = FALSE
	EndGlobalSection
	GlobalSection(ExtensibilityGlobals) = postSolution
		SolutionGuid = {395ABDB6-FC9D-4711-974E-395615A28858}
	EndGlobalSection
EndGlobal
